<?xml version="1.0" encoding="utf-8"?>
<Project xmlns="http://schemas.microsoft.com/developer/msbuild/2003">
  <ItemGroup>
    <Filter Include="Form Files">
      <UniqueIdentifier>{99349809-55BA-4b9d-BF79-8FDBB0286EB3}</UniqueIdentifier>
      <Extensions>ui</Extensions>
      <ParseFiles>false</ParseFiles>
    </Filter>
    <Filter Include="Form Files">
      <UniqueIdentifier>{99349809-55BA-4b9d-BF79-8FDBB0286EB3}</UniqueIdentifier>
      <Extensions>ui</Extensions>
      <ParseFiles>false</ParseFiles>
    </Filter>
    <Filter Include="Generated Files">
      <UniqueIdentifier>{71ED8ED8-ACB9-4CE9-BBE1-E00B30144E11}</UniqueIdentifier>
      <Extensions>cpp;c;cxx;moc;h;def;odl;idl;res;</Extensions>
    </Filter>
    <Filter Include="Generated Files">
      <UniqueIdentifier>{71ED8ED8-ACB9-4CE9-BBE1-E00B30144E11}</UniqueIdentifier>
      <Extensions>cpp;c;cxx;moc;h;def;odl;idl;res;</Extensions>
    </Filter>
    <Filter Include="Header Files">
      <UniqueIdentifier>{93995380-89BD-4b04-88EB-625FBE52EBFB}</UniqueIdentifier>
      <Extensions>h;hpp;hxx;hm;inl;inc;xsd</Extensions>
    </Filter>
    <Filter Include="Header Files">
      <UniqueIdentifier>{93995380-89BD-4b04-88EB-625FBE52EBFB}</UniqueIdentifier>
      <Extensions>h;hpp;hxx;hm;inl;inc;xsd</Extensions>
    </Filter>
    <Filter Include="Resource Files">
      <UniqueIdentifier>{D9D6E242-F8AF-46E4-B9FD-80ECBC20BA3E}</UniqueIdentifier>
      <Extensions>qrc;*</Extensions>
      <ParseFiles>false</ParseFiles>
    </Filter>
    <Filter Include="Resource Files">
      <UniqueIdentifier>{D9D6E242-F8AF-46E4-B9FD-80ECBC20BA3E}</UniqueIdentifier>
      <Extensions>qrc;*</Extensions>
      <ParseFiles>false</ParseFiles>
    </Filter>
    <Filter Include="Source Files">
      <UniqueIdentifier>{4FC737F1-C7A5-4376-A066-2A32D752A2FF}</UniqueIdentifier>
      <Extensions>cpp;c;cxx;def;odl;idl;hpj;bat;asm;asmx</Extensions>
    </Filter>
    <Filter Include="Source Files">
      <UniqueIdentifier>{4FC737F1-C7A5-4376-A066-2A32D752A2FF}</UniqueIdentifier>
      <Extensions>cpp;c;cxx;def;odl;idl;hpj;bat;asm;asmx</Extensions>
    </Filter>
  </ItemGroup>
  <ItemGroup>
    <ClCompile Include="src\about.cpp">
      <Filter>Source Files</Filter>
    </ClCompile>
    <ClCompile Include="src\console.cpp">
      <Filter>Source Files</Filter>
    </ClCompile>
    <ClCompile Include="src\help.cpp">
      <Filter>Source Files</Filter>
    </ClCompile>
    <ClCompile Include="src\main.cpp">
      <Filter>Source Files</Filter>
    </ClCompile>
    <ClCompile Include="src\missingtimeprogress.cpp">
      <Filter>Source Files</Filter>
    </ClCompile>
    <ClCompile Include="src\progress.cpp">
      <Filter>Source Files</Filter>
    </ClCompile>
    <ClCompile Include="src\qtscrob.cpp">
      <Filter>Source Files</Filter>
    </ClCompile>
    <ClCompile Include="src\settings.cpp">
      <Filter>Source Files</Filter>
    </ClCompile>
    <ClCompile Include="..\common\xgetopt.c">
      <Filter>Source Files</Filter>
    </ClCompile>
    <ClCompile Include="Debug\moc_console.cpp">
      <Filter>Generated Files</Filter>
    </ClCompile>
    <ClCompile Include="Release\moc_console.cpp">
      <Filter>Generated Files</Filter>
    </ClCompile>
    <ClCompile Include="Debug\moc_about.cpp">
      <Filter>Generated Files</Filter>
    </ClCompile>
    <ClCompile Include="Release\moc_about.cpp">
      <Filter>Generated Files</Filter>
    </ClCompile>
    <ClCompile Include="Debug\moc_help.cpp">
      <Filter>Generated Files</Filter>
    </ClCompile>
    <ClCompile Include="Release\moc_help.cpp">
      <Filter>Generated Files</Filter>
    </ClCompile>
    <ClCompile Include="Debug\moc_missingtimeprogress.cpp">
      <Filter>Generated Files</Filter>
    </ClCompile>
    <ClCompile Include="Release\moc_missingtimeprogress.cpp">
      <Filter>Generated Files</Filter>
    </ClCompile>
    <ClCompile Include="Debug\moc_settings.cpp">
      <Filter>Generated Files</Filter>
    </ClCompile>
    <ClCompile Include="Release\moc_settings.cpp">
      <Filter>Generated Files</Filter>
    </ClCompile>
    <ClCompile Include="Debug\moc_progress.cpp">
      <Filter>Generated Files</Filter>
    </ClCompile>
    <ClCompile Include="Release\moc_progress.cpp">
      <Filter>Generated Files</Filter>
    </ClCompile>
    <ClCompile Include="Debug\moc_qtscrob.cpp">
      <Filter>Generated Files</Filter>
    </ClCompile>
    <ClCompile Include="Release\moc_qtscrob.cpp">
      <Filter>Generated Files</Filter>
    </ClCompile>
    <ClCompile Include="GeneratedFiles\qrc_qtscrob.cpp">
      <Filter>Generated Files</Filter>
    </ClCompile>
  </ItemGroup>
  <ItemGroup>
    <CustomBuild Include="src\about.h">
      <Filter>Header Files</Filter>
    </CustomBuild>
    <CustomBuild Include="src\console.h">
      <Filter>Header Files</Filter>
    </CustomBuild>
    <CustomBuild Include="src\help.h">
      <Filter>Header Files</Filter>
    </CustomBuild>
    <CustomBuild Include="src\missingtimeprogress.h">
      <Filter>Header Files</Filter>
    </CustomBuild>
    <CustomBuild Include="src\progress.h">
      <Filter>Header Files</Filter>
    </CustomBuild>
    <CustomBuild Include="src\qtscrob.h">
      <Filter>Header Files</Filter>
    </CustomBuild>
    <CustomBuild Include="src\settings.h">
      <Filter>Header Files</Filter>
    </CustomBuild>
  </ItemGroup>
  <ItemGroup>
    <CustomBuild Include="debug\moc_predefs.h.cbt">
      <Filter>Generated Files</Filter>
    </CustomBuild>
    <CustomBuild Include="release\moc_predefs.h.cbt">
      <Filter>Generated Files</Filter>
    </CustomBuild>
  </ItemGroup>
  <ItemGroup>
    <CustomBuild Include="src\ui\aboutWin.ui">
      <Filter>Form Files</Filter>
    </CustomBuild>
    <CustomBuild Include="src\ui\settingsWin.ui">
      <Filter>Form Files</Filter>
    </CustomBuild>
  </ItemGroup>
  <ItemGroup>
    <None Include="resources\icons\appointment-new.png">
      <Filter>Resource Files</Filter>
    </None>
    <None Include="..\language\de.qm">
      <Filter>Resource Files</Filter>
    </None>
    <None Include="resources\icons\document-open.png">
      <Filter>Resource Files</Filter>
    </None>
    <None Include="resources\icons\edit-clear.png">
      <Filter>Resource Files</Filter>
    </None>
    <None Include="resources\icons\emblem-system.png">
      <Filter>Resource Files</Filter>
    </None>
    <None Include="resources\icons\go-next.png">
      <Filter>Resource Files</Filter>
    </None>
    <None Include="resources\icons\help-browser.png">
      <Filter>Resource Files</Filter>
    </None>
    <None Include="resources\help\index.html">
      <Filter>Resource Files</Filter>
    </None>
    <None Include="resources\icons\mail-send-receive.png">
      <Filter>Resource Files</Filter>
    </None>
    <None Include="resources\icons\multimedia-player-iriver-s10_16.png">
      <Filter>Resource Files</Filter>
    </None>
    <None Include="resources\icons\network-wired.png">
      <Filter>Resource Files</Filter>
    </None>
    <None Include="..\language\pl.qm">
      <Filter>Resource Files</Filter>
    </None>
    <None Include="resources\icons\preferences-system.png">
      <Filter>Resource Files</Filter>
    </None>
    <None Include="resources\icons\process-stop.png">
      <Filter>Resource Files</Filter>
    </None>
    <None Include="resources\icons\128x128\qtscrob.png">
      <Filter>Resource Files</Filter>
    </None>
    <None Include="resources\icons\16x16\qtscrob.png">
      <Filter>Resource Files</Filter>
    </None>
    <None Include="resources\icons\32x32\qtscrob.png">
      <Filter>Resource Files</Filter>
    </None>
    <CustomBuild Include="qtscrob.qrc">
      <Filter>Resource Files</Filter>
    </CustomBuild>
    <None Include="resources\help\images\settings_general.png">
      <Filter>Resource Files</Filter>
    </None>
    <None Include="resources\help\images\settings_proxy.png">
      <Filter>Resource Files</Filter>
    </None>
    <None Include="resources\help\images\settings_sites.png">
      <Filter>Resource Files</Filter>
    </None>
    <None Include="resources\help\images\settings_timezone.png">
      <Filter>Resource Files</Filter>
    </None>
    <None Include="resources\icons\system-log-out.png">
      <Filter>Resource Files</Filter>
    </None>
  </ItemGroup>
  <ItemGroup>
    <ResourceCompile Include="qtscrob.rc" />
  </ItemGroup>
  <ItemGroup>
    <ClInclude Include="GeneratedFiles\ui_aboutWin.h">
      <Filter>Generated Files</Filter>
    </ClInclude>
    <ClInclude Include="GeneratedFiles\ui_settingsWin.h">
      <Filter>Generated Files</Filter>
    </ClInclude>
  </ItemGroup>
</Project>